
Microsoft Visual Studio Solution File, Format Version 12.00
# Visual Studio Version 17
VisualStudioVersion = 17.11.35222.181
MinimumVisualStudioVersion = 10.0.40219.1
Project("{9A19103F-16F7-4668-BE54-9A1E7A4F7556}") = "Plot.WinForm", "Plot.WinForm\Plot.WinForm.csproj", "{1E98396C-B226-48DD-B1CF-F8A21BF46218}"
EndProject
Project("{9A19103F-16F7-4668-BE54-9A1E7A4F7556}") = "App", "App\App.csproj", "{0FD87C88-3F48-43E3-9AC4-55CC168D86AC}"
EndProject
Project("{9A19103F-16F7-4668-BE54-9A1E7A4F7556}") = "SkiaSharpBackend", "SkiaSharpBackend\SkiaSharpBackend.csproj", "{3118C547-EBEE-4A66-8A32-B94B4FA7250F}"
EndProject
Project("{9A19103F-16F7-4668-BE54-9A1E7A4F7556}") = "Core", "Core\Core.csproj", "{7813E9E7-8CD8-4478-BF2A-A2FACBD0B708}"
EndProject
Global
	GlobalSection(SolutionConfigurationPlatforms) = preSolution
		Debug|x64 = Debug|x64
		Debug|x86 = Debug|x86
		Release|x64 = Release|x64
		Release|x86 = Release|x86
	EndGlobalSection
	GlobalSection(ProjectConfigurationPlatforms) = postSolution
		{1E98396C-B226-48DD-B1CF-F8A21BF46218}.Debug|x64.ActiveCfg = Debug|x64
		{1E98396C-B226-48DD-B1CF-F8A21BF46218}.Debug|x64.Build.0 = Debug|x64
		{1E98396C-B226-48DD-B1CF-F8A21BF46218}.Debug|x86.ActiveCfg = Debug|x86
		{1E98396C-B226-48DD-B1CF-F8A21BF46218}.Debug|x86.Build.0 = Debug|x86
		{1E98396C-B226-48DD-B1CF-F8A21BF46218}.Release|x64.ActiveCfg = Release|x64
		{1E98396C-B226-48DD-B1CF-F8A21BF46218}.Release|x64.Build.0 = Release|x64
		{1E98396C-B226-48DD-B1CF-F8A21BF46218}.Release|x86.ActiveCfg = Release|x86
		{1E98396C-B226-48DD-B1CF-F8A21BF46218}.Release|x86.Build.0 = Release|x86
		{0FD87C88-3F48-43E3-9AC4-55CC168D86AC}.Debug|x64.ActiveCfg = Debug|x64
		{0FD87C88-3F48-43E3-9AC4-55CC168D86AC}.Debug|x64.Build.0 = Debug|x64
		{0FD87C88-3F48-43E3-9AC4-55CC168D86AC}.Debug|x86.ActiveCfg = Debug|x86
		{0FD87C88-3F48-43E3-9AC4-55CC168D86AC}.Debug|x86.Build.0 = Debug|x86
		{0FD87C88-3F48-43E3-9AC4-55CC168D86AC}.Release|x64.ActiveCfg = Release|Any CPU
		{0FD87C88-3F48-43E3-9AC4-55CC168D86AC}.Release|x64.Build.0 = Release|Any CPU
		{0FD87C88-3F48-43E3-9AC4-55CC168D86AC}.Release|x86.ActiveCfg = Release|x86
		{0FD87C88-3F48-43E3-9AC4-55CC168D86AC}.Release|x86.Build.0 = Release|x86
		{3118C547-EBEE-4A66-8A32-B94B4FA7250F}.Debug|x64.ActiveCfg = Debug|Any CPU
		{3118C547-EBEE-4A66-8A32-B94B4FA7250F}.Debug|x64.Build.0 = Debug|Any CPU
		{3118C547-EBEE-4A66-8A32-B94B4FA7250F}.Debug|x86.ActiveCfg = Debug|x86
		{3118C547-EBEE-4A66-8A32-B94B4FA7250F}.Debug|x86.Build.0 = Debug|x86
		{3118C547-EBEE-4A66-8A32-B94B4FA7250F}.Release|x64.ActiveCfg = Release|Any CPU
		{3118C547-EBEE-4A66-8A32-B94B4FA7250F}.Release|x64.Build.0 = Release|Any CPU
		{3118C547-EBEE-4A66-8A32-B94B4FA7250F}.Release|x86.ActiveCfg = Release|x86
		{3118C547-EBEE-4A66-8A32-B94B4FA7250F}.Release|x86.Build.0 = Release|x86
		{7813E9E7-8CD8-4478-BF2A-A2FACBD0B708}.Debug|x64.ActiveCfg = Debug|Any CPU
		{7813E9E7-8CD8-4478-BF2A-A2FACBD0B708}.Debug|x64.Build.0 = Debug|Any CPU
		{7813E9E7-8CD8-4478-BF2A-A2FACBD0B708}.Debug|x86.ActiveCfg = Debug|x86
		{7813E9E7-8CD8-4478-BF2A-A2FACBD0B708}.Debug|x86.Build.0 = Debug|x86
		{7813E9E7-8CD8-4478-BF2A-A2FACBD0B708}.Release|x64.ActiveCfg = Release|Any CPU
		{7813E9E7-8CD8-4478-BF2A-A2FACBD0B708}.Release|x64.Build.0 = Release|Any CPU
		{7813E9E7-8CD8-4478-BF2A-A2FACBD0B708}.Release|x86.ActiveCfg = Release|x86
		{7813E9E7-8CD8-4478-BF2A-A2FACBD0B708}.Release|x86.Build.0 = Release|x86
	EndGlobalSection
	GlobalSection(SolutionProperties) = preSolution
		HideSolutionNode = FALSE
	EndGlobalSection
	GlobalSection(ExtensibilityGlobals) = postSolution
		SolutionGuid = {0088AE60-3552-4D5D-8F4C-4AEF2514BA47}
	EndGlobalSection
EndGlobal
